// !$*UTF8*$!
{
	archiveVersion = 1;
	classes = {
	};
	objectVersion = 46;
	objects = {

/* Begin PBXBuildFile section */
		027E9C9DDF2D3B5B900678A9 /* CoreLocation.framework in Frameworks */ = {isa = PBXBuildFile; fileRef = DD3CE26674C1A9414AD13062 /* CoreLocation.framework */; };
		0299C2FE2C22E478810EB5C8 /* CoreText.framework in Frameworks */ = {isa = PBXBuildFile; fileRef = 41F2D1D332F0307AB67CD14F /* CoreText.framework */; };
		06BA4CF7461BD15613B0B4A6 /* AVFoundation.framework in Frameworks */ = {isa = PBXBuildFile; fileRef = DCFCA9D5B2554F6E37D27F1F /* AVFoundation.framework */; };
		0FC1937C98986701D27895FD /* Foundation.framework in Frameworks */ = {isa = PBXBuildFile; fileRef = F180ACD9F716DCEE9DC3ECD0 /* Foundation.framework */; };
		130039C06778943339184440 /* libc++.tbd in Frameworks */ = {isa = PBXBuildFile; fileRef = 93E0C6AF1CEA9627785BF05E /* libc++.tbd */; };
		1DE4ECB8E017F3959243EED6 /* AVFoundation.framework in Frameworks */ = {isa = PBXBuildFile; fileRef = DCFCA9D5B2554F6E37D27F1F /* AVFoundation.framework */; };
		2041D56D59D415B7F0915AAD /* WebKit.framework in Frameworks */ = {isa = PBXBuildFile; fileRef = F8C9E01622BEE471ADF50BF5 /* WebKit.framework */; };
		207E7086A8DA3C6B247767A5 /* AudioToolBox.framework in Frameworks */ = {isa = PBXBuildFile; fileRef = 8AE9218E9D98380082EB12B6 /* AudioToolBox.framework */; };
		23AAD36E08FEB485682A8DFB /* libc++.tbd in Frameworks */ = {isa = PBXBuildFile; fileRef = 93E0C6AF1CEA9627785BF05E /* libc++.tbd */; };
		249A6083072C30D2C0B16658 /* CoreLocation.framework in Frameworks */ = {isa = PBXBuildFile; fileRef = DD3CE26674C1A9414AD13062 /* CoreLocation.framework */; };
		2B5035C4E612AF309D9235DC /* WebKit.framework in Frameworks */ = {isa = PBXBuildFile; fileRef = 25D51831CA0846438354C57E /* WebKit.framework */; };
		30DCF813271598D0AA5B3D5C /* AdSupport.framework in Frameworks */ = {isa = PBXBuildFile; fileRef = 05BBF95CD5147109B3E6C3A2 /* AdSupport.framework */; };
		34A9F1427EA0914A79B1E313 /* GLKit.framework in Frameworks */ = {isa = PBXBuildFile; fileRef = 30AC79EA89EEED3699204EC6 /* GLKit.framework */; };
		3528E1D1C7CFCE93BEE97CE9 /* libPods-KwaiGameSDK_Example.a in Frameworks */ = {isa = PBXBuildFile; fileRef = 1357C22FFC50FC4D7F42A011 /* libPods-KwaiGameSDK_Example.a */; };
		3B440894BDC8B8771ED07D00 /* Foundation.framework in Frameworks */ = {isa = PBXBuildFile; fileRef = F180ACD9F716DCEE9DC3ECD0 /* Foundation.framework */; };
		41CC85988D04780F89159F99 /* AdSupport.framework in Frameworks */ = {isa = PBXBuildFile; fileRef = 9803D6DF8BD1031C55723812 /* AdSupport.framework */; };
		49547C20226ABE6500C99D88 /* AppDelegate.m in Sources */ = {isa = PBXBuildFile; fileRef = 49547C1F226ABE6500C99D88 /* AppDelegate.m */; };
		49547C23226ABE6500C99D88 /* ViewController.m in Sources */ = {isa = PBXBuildFile; fileRef = 49547C22226ABE6500C99D88 /* ViewController.m */; };
		49547C26226ABE6500C99D88 /* Main.storyboard in Resources */ = {isa = PBXBuildFile; fileRef = 49547C24226ABE6500C99D88 /* Main.storyboard */; };
		49547C28226ABE6500C99D88 /* Assets.xcassets in Resources */ = {isa = PBXBuildFile; fileRef = 49547C27226ABE6500C99D88 /* Assets.xcassets */; };
		49547C2B226ABE6600C99D88 /* LaunchScreen.storyboard in Resources */ = {isa = PBXBuildFile; fileRef = 49547C29226ABE6500C99D88 /* LaunchScreen.storyboard */; };
		49547C2E226ABE6600C99D88 /* main.m in Sources */ = {isa = PBXBuildFile; fileRef = 49547C2D226ABE6600C99D88 /* main.m */; };
		510D3F52D35F046803F4FA5B /* AddressBook.framework in Frameworks */ = {isa = PBXBuildFile; fileRef = EE215CE5A5263B0997A8FBF2 /* AddressBook.framework */; };
		518FA931F80E74B579E5E39E /* CoreText.framework in Frameworks */ = {isa = PBXBuildFile; fileRef = FC7A28ADF447C16F8C88FA09 /* CoreText.framework */; };
		563D2419C82E9F99930BB792 /* MessageUI.framework in Frameworks */ = {isa = PBXBuildFile; fileRef = F93D24FC6AAFE96BCB102102 /* MessageUI.framework */; };
		5CB9248BE1CA1E758FDE98EF /* CoreGraphics.framework in Frameworks */ = {isa = PBXBuildFile; fileRef = 748BFE58D34EBF5969172CB0 /* CoreGraphics.framework */; };
		5E5C10BE7A2FDD92328742BA /* SystemConfiguration.framework in Frameworks */ = {isa = PBXBuildFile; fileRef = CBA73D3EAB6903E94DC7F1F6 /* SystemConfiguration.framework */; };
		5FD9643E20D242FB008C18CE /* libstdc++.tbd in Frameworks */ = {isa = PBXBuildFile; fileRef = 5FD9643D20D242FB008C18CE /* libstdc++.tbd */; };
		5FD9644020D24332008C18CE /* AdSupport.framework in Frameworks */ = {isa = PBXBuildFile; fileRef = 5FD9643F20D24332008C18CE /* AdSupport.framework */; };
		5FD9644220D24377008C18CE /* SystemConfiguration.framework in Frameworks */ = {isa = PBXBuildFile; fileRef = 5FD9644120D24376008C18CE /* SystemConfiguration.framework */; };
		5FD9644420D243E4008C18CE /* libz.tbd in Frameworks */ = {isa = PBXBuildFile; fileRef = 5FD9644320D243E4008C18CE /* libz.tbd */; };
		5FD9644620D243F9008C18CE /* libsqlite3.tbd in Frameworks */ = {isa = PBXBuildFile; fileRef = 5FD9644520D243F8008C18CE /* libsqlite3.tbd */; };
		5FD9644820D24430008C18CE /* MobileCoreServices.framework in Frameworks */ = {isa = PBXBuildFile; fileRef = 5FD9644720D24430008C18CE /* MobileCoreServices.framework */; };
		5FD9644A20D24473008C18CE /* CoreTelephony.framework in Frameworks */ = {isa = PBXBuildFile; fileRef = 5FD9644920D24473008C18CE /* CoreTelephony.framework */; };
		6003F58E195388D20070C39A /* Foundation.framework in Frameworks */ = {isa = PBXBuildFile; fileRef = 6003F58D195388D20070C39A /* Foundation.framework */; };
		6003F590195388D20070C39A /* CoreGraphics.framework in Frameworks */ = {isa = PBXBuildFile; fileRef = 6003F58F195388D20070C39A /* CoreGraphics.framework */; };
		6003F592195388D20070C39A /* UIKit.framework in Frameworks */ = {isa = PBXBuildFile; fileRef = 6003F591195388D20070C39A /* UIKit.framework */; };
		6003F598195388D20070C39A /* InfoPlist.strings in Resources */ = {isa = PBXBuildFile; fileRef = 6003F596195388D20070C39A /* InfoPlist.strings */; };
		6003F59A195388D20070C39A /* main.m in Sources */ = {isa = PBXBuildFile; fileRef = 6003F599195388D20070C39A /* main.m */; };
		6003F59E195388D20070C39A /* KGAppDelegate.m in Sources */ = {isa = PBXBuildFile; fileRef = 6003F59D195388D20070C39A /* KGAppDelegate.m */; };
		6003F5A7195388D20070C39A /* KGViewController.m in Sources */ = {isa = PBXBuildFile; fileRef = 6003F5A6195388D20070C39A /* KGViewController.m */; };
		6003F5A9195388D20070C39A /* Images.xcassets in Resources */ = {isa = PBXBuildFile; fileRef = 6003F5A8195388D20070C39A /* Images.xcassets */; };
		605653EDA181B54F3666F9B3 /* CoreMedia.framework in Frameworks */ = {isa = PBXBuildFile; fileRef = E21844A677F5A521CBEB2C96 /* CoreMedia.framework */; };
		61041999575A1CAE42BE4739 /* libPods-KwaiGameSDK-Mini.a in Frameworks */ = {isa = PBXBuildFile; fileRef = CC9E6CEEA7F8039DCE24B2AA /* libPods-KwaiGameSDK-Mini.a */; };
		6439FC4518D0D035CCDA7522 /* Contacts.framework in Frameworks */ = {isa = PBXBuildFile; fileRef = 72564DC7CA2CFDD7F4B69D76 /* Contacts.framework */; };
		698D34D91B32592E2852770D /* AddressBook.framework in Frameworks */ = {isa = PBXBuildFile; fileRef = A4E4BAB87D595DC668D6435B /* AddressBook.framework */; };
		6B683A7DF7FC2818B645B9AF /* UIKit.framework in Frameworks */ = {isa = PBXBuildFile; fileRef = 9BEDBB3BEF4532C38B0446FE /* UIKit.framework */; };
		6BDE04346AA78FDED771006F /* Security.framework in Frameworks */ = {isa = PBXBuildFile; fileRef = 469E69C9930B888055F8D45B /* Security.framework */; };
		6D4451398D100737A04A901B /* libz.tbd in Frameworks */ = {isa = PBXBuildFile; fileRef = 5FD9644320D243E4008C18CE /* libz.tbd */; };
		6EEBD525EC8B7C3E269257E3 /* CFNetwork.framework in Frameworks */ = {isa = PBXBuildFile; fileRef = E7031F313C700BF3B7FEBF85 /* CFNetwork.framework */; };
		7137529D230C2755658028A8 /* CoreGraphics.framework in Frameworks */ = {isa = PBXBuildFile; fileRef = A5534F1D5E3040159406375D /* CoreGraphics.framework */; };
		71719F9F1E33DC2100824A3D /* LaunchScreen.storyboard in Resources */ = {isa = PBXBuildFile; fileRef = 71719F9D1E33DC2100824A3D /* LaunchScreen.storyboard */; };
		71CD673AF52FEBD51BABBFE7 /* VideoToolbox.framework in Frameworks */ = {isa = PBXBuildFile; fileRef = 2B1249C72C62EE09BCB2425C /* VideoToolbox.framework */; };
		78E3D844050BA103431760B7 /* OpenGLES.framework in Frameworks */ = {isa = PBXBuildFile; fileRef = 773DDA5BA82106CEF4FAD430 /* OpenGLES.framework */; };
		792EEFBA43131B10E4C03894 /* CoreLocation.framework in Frameworks */ = {isa = PBXBuildFile; fileRef = C5B4566912EDD0BE20CED256 /* CoreLocation.framework */; };
		7AD3E32A568C16BCAF9DA775 /* libc++abi.tbd in Frameworks */ = {isa = PBXBuildFile; fileRef = 7CA8D3A17BC9DEE9B18645CC /* libc++abi.tbd */; };
		7CE5B95C57DDFD5B454A1390 /* AdSupport.framework in Frameworks */ = {isa = PBXBuildFile; fileRef = 9803D6DF8BD1031C55723812 /* AdSupport.framework */; };
		7D4184B6212DDF313E6ED872 /* OpenGLES.framework in Frameworks */ = {isa = PBXBuildFile; fileRef = E9672A5A1D0795F5069A6175 /* OpenGLES.framework */; };
		7E51061A18096FD3D4F23B15 /* Security.framework in Frameworks */ = {isa = PBXBuildFile; fileRef = 3C1C2297DD2F49EADD07E0B7 /* Security.framework */; };
		7FAE4A407F1E526E85C28B0F /* QuickLook.framework in Frameworks */ = {isa = PBXBuildFile; fileRef = C0EB5C5148DEA92A6CC4796D /* QuickLook.framework */; };
		7FC0B0A661F6BA05A67A7590 /* SystemConfiguration.framework in Frameworks */ = {isa = PBXBuildFile; fileRef = 4509BB4EBB1145B9E82654AD /* SystemConfiguration.framework */; };
		8308E0E79AFB6338C8DDB7A4 /* ImageIO.framework in Frameworks */ = {isa = PBXBuildFile; fileRef = 6CE548F4E0B3E56ED7AA3A19 /* ImageIO.framework */; };
		86BD62B42B3952537E178758 /* MobileCoreServices.framework in Frameworks */ = {isa = PBXBuildFile; fileRef = FB194CC19082C5EF5B23CB7B /* MobileCoreServices.framework */; };
		873B8AEB1B1F5CCA007FD442 /* Main.storyboard in Resources */ = {isa = PBXBuildFile; fileRef = 873B8AEA1B1F5CCA007FD442 /* Main.storyboard */; };
		8D504DAE515E245AF3291266 /* AVFoundation.framework in Frameworks */ = {isa = PBXBuildFile; fileRef = 3B73B75C9E9ED594FF8133FC /* AVFoundation.framework */; };
		97960CA4710C8F75EB6173BF /* Photos.framework in Frameworks */ = {isa = PBXBuildFile; fileRef = 472C6B6A9993C3D29DD9E068 /* Photos.framework */; };
		98EE91FDD5B9C26D3E30EF37 /* ImageIO.framework in Frameworks */ = {isa = PBXBuildFile; fileRef = 664E450543BC46D196FC5D29 /* ImageIO.framework */; };
		9B8091A0D81A98A004CB6D5C /* UIKit.framework in Frameworks */ = {isa = PBXBuildFile; fileRef = 62D86372160718A7752D9C26 /* UIKit.framework */; };
		9CD4F4FF0297950C06881B1C /* CoreGraphics.framework in Frameworks */ = {isa = PBXBuildFile; fileRef = 748BFE58D34EBF5969172CB0 /* CoreGraphics.framework */; };
		A3917CCC2D8B5DC2362BBF10 /* QuartzCore.framework in Frameworks */ = {isa = PBXBuildFile; fileRef = BE101ABF93CE0A7159D96ABA /* QuartzCore.framework */; };
		A407E1B3155EE1D083636959 /* Foundation.framework in Frameworks */ = {isa = PBXBuildFile; fileRef = 56F313B410798B6275451520 /* Foundation.framework */; };
		AF849430D3A8C37B5FFF966E /* WebKit.framework in Frameworks */ = {isa = PBXBuildFile; fileRef = 25D51831CA0846438354C57E /* WebKit.framework */; };
		AFF3925C276474F9DC828E85 /* AddressBook.framework in Frameworks */ = {isa = PBXBuildFile; fileRef = EE215CE5A5263B0997A8FBF2 /* AddressBook.framework */; };
		B191A9DC64235115E16B4CE1 /* AudioToolbox.framework in Frameworks */ = {isa = PBXBuildFile; fileRef = 604DE48996B022786005E655 /* AudioToolbox.framework */; };
		B4B60066B668A99906B579D9 /* CoreMedia.framework in Frameworks */ = {isa = PBXBuildFile; fileRef = B550037C7D17ECF127E90910 /* CoreMedia.framework */; };
		B8151FAD21B8F52D001DB375 /* KGMessageViewController.m in Sources */ = {isa = PBXBuildFile; fileRef = B8151FAC21B8F52D001DB375 /* KGMessageViewController.m */; };
		B8151FB421B90952001DB375 /* KGSessionListViewController.m in Sources */ = {isa = PBXBuildFile; fileRef = B8151FB321B90952001DB375 /* KGSessionListViewController.m */; };
		B8151FBC21B9329C001DB375 /* KGSessionDetailViewController.m in Sources */ = {isa = PBXBuildFile; fileRef = B8151FBB21B9329C001DB375 /* KGSessionDetailViewController.m */; };
		B8151FBF21B9373D001DB375 /* KwaiHelper.m in Sources */ = {isa = PBXBuildFile; fileRef = B8151FBE21B9373D001DB375 /* KwaiHelper.m */; };
		B8151FC321B93F22001DB375 /* UIView+KGLayout.m in Sources */ = {isa = PBXBuildFile; fileRef = B8151FC221B93F22001DB375 /* UIView+KGLayout.m */; };
		B8151FC721B93F98001DB375 /* KGSessionListCell.m in Sources */ = {isa = PBXBuildFile; fileRef = B8151FC621B93F98001DB375 /* KGSessionListCell.m */; };
		B8151FCA21B94026001DB375 /* KGSessionDetailCell.m in Sources */ = {isa = PBXBuildFile; fileRef = B8151FC921B94026001DB375 /* KGSessionDetailCell.m */; };
		B8151FE021BA1C7E001DB375 /* KGMessageBaseCell.m in Sources */ = {isa = PBXBuildFile; fileRef = B8151FDF21BA1C7E001DB375 /* KGMessageBaseCell.m */; };
		B8151FE321BA1CA8001DB375 /* KGMessageTextCell.m in Sources */ = {isa = PBXBuildFile; fileRef = B8151FE221BA1CA8001DB375 /* KGMessageTextCell.m */; };
		B8151FE621BA1CC2001DB375 /* KGMessageEmotionCell.m in Sources */ = {isa = PBXBuildFile; fileRef = B8151FE521BA1CC2001DB375 /* KGMessageEmotionCell.m */; };
		B8151FE921BA1CD9001DB375 /* KGMessageImageCell.m in Sources */ = {isa = PBXBuildFile; fileRef = B8151FE821BA1CD9001DB375 /* KGMessageImageCell.m */; };
		B8151FEC21BA1CEB001DB375 /* KGMessageVideoCell.m in Sources */ = {isa = PBXBuildFile; fileRef = B8151FEB21BA1CEB001DB375 /* KGMessageVideoCell.m */; };
		B8151FF021BA3C19001DB375 /* KGUtil.m in Sources */ = {isa = PBXBuildFile; fileRef = B8151FEF21BA3C19001DB375 /* KGUtil.m */; };
		B815200021BA5064001DB375 /* KwaiEmotionTools.m in Sources */ = {isa = PBXBuildFile; fileRef = B8151FFF21BA5064001DB375 /* KwaiEmotionTools.m */; };
		B815200421BA5B63001DB375 /* KSMessageKeyboardBar.m in Sources */ = {isa = PBXBuildFile; fileRef = B815200321BA5B63001DB375 /* KSMessageKeyboardBar.m */; };
		B815201021BA5D8A001DB375 /* GMImagePickerController.m in Sources */ = {isa = PBXBuildFile; fileRef = B815200B21BA5D8A001DB375 /* GMImagePickerController.m */; };
		B815201121BA5D8A001DB375 /* GMGridViewController.m in Sources */ = {isa = PBXBuildFile; fileRef = B815200C21BA5D8A001DB375 /* GMGridViewController.m */; };
		B815201221BA5D8A001DB375 /* GMAlbumsViewController.m in Sources */ = {isa = PBXBuildFile; fileRef = B815200D21BA5D8A001DB375 /* GMAlbumsViewController.m */; };
		B815201321BA5D8A001DB375 /* GMAlbumsViewCell.m in Sources */ = {isa = PBXBuildFile; fileRef = B815200E21BA5D8A001DB375 /* GMAlbumsViewCell.m */; };
		B815201421BA5D8A001DB375 /* GMGridViewCell.m in Sources */ = {isa = PBXBuildFile; fileRef = B815200F21BA5D8A001DB375 /* GMGridViewCell.m */; };
		B815201721BA5F8C001DB375 /* KSMsgContentLogicController.m in Sources */ = {isa = PBXBuildFile; fileRef = B815201621BA5F8C001DB375 /* KSMsgContentLogicController.m */; };
		B815201A21BA60BA001DB375 /* KGMessageCellFactory.m in Sources */ = {isa = PBXBuildFile; fileRef = B815201921BA60BA001DB375 /* KGMessageCellFactory.m */; };
		B81906BB217089B800482956 /* NotificationService.m in Sources */ = {isa = PBXBuildFile; fileRef = B81906BA217089B800482956 /* NotificationService.m */; };
		B81906BF217089B800482956 /* NotificationService.appex in Embed App Extensions */ = {isa = PBXBuildFile; fileRef = B81906B7217089B800482956 /* NotificationService.appex */; settings = {ATTRIBUTES = (RemoveHeadersOnCopy, ); }; };
		B84EC9B821BF84CC00FF4F8F /* Accelerate.framework in Frameworks */ = {isa = PBXBuildFile; fileRef = B84EC9B721BF84CC00FF4F8F /* Accelerate.framework */; };
		B84EC9BA21BF897100FF4F8F /* HLRichLabel.framework in Frameworks */ = {isa = PBXBuildFile; fileRef = B84EC9B921BF897100FF4F8F /* HLRichLabel.framework */; };
		B84EC9BD21C0AAE400FF4F8F /* KGLiveViewController.m in Sources */ = {isa = PBXBuildFile; fileRef = B84EC9BC21C0AAE400FF4F8F /* KGLiveViewController.m */; };
		B84EC9C021C0BC6100FF4F8F /* Live.storyboard in Resources */ = {isa = PBXBuildFile; fileRef = B84EC9BE21C0BC6100FF4F8F /* Live.storyboard */; };
		B84EC9C321C0E7CE00FF4F8F /* UIView+Toast.m in Sources */ = {isa = PBXBuildFile; fileRef = B84EC9C221C0E7CE00FF4F8F /* UIView+Toast.m */; };
		B8A310FD21AFDCD700415475 /* KGGameCenterViewController.m in Sources */ = {isa = PBXBuildFile; fileRef = B8A310FC21AFDCD700415475 /* KGGameCenterViewController.m */; };
		B8A3110021AFDCF100415475 /* KGLoginViewController.m in Sources */ = {isa = PBXBuildFile; fileRef = B8A310FF21AFDCF100415475 /* KGLoginViewController.m */; };
		B8A3110321AFDD0600415475 /* KGReportViewController.m in Sources */ = {isa = PBXBuildFile; fileRef = B8A3110221AFDD0600415475 /* KGReportViewController.m */; };
		B8A3110621AFDD1800415475 /* KGShareViewController.m in Sources */ = {isa = PBXBuildFile; fileRef = B8A3110521AFDD1800415475 /* KGShareViewController.m */; };
		B8A3110921AFDD4100415475 /* UIViewController+CustomUI.m in Sources */ = {isa = PBXBuildFile; fileRef = B8A3110821AFDD4100415475 /* UIViewController+CustomUI.m */; };
		B8BD53A121B4CEA2008C73B3 /* KGAntiAddictViewController.m in Sources */ = {isa = PBXBuildFile; fileRef = B8BD53A021B4CEA2008C73B3 /* KGAntiAddictViewController.m */; };
		B8BD53B121B527C7008C73B3 /* KGVoipViewController.m in Sources */ = {isa = PBXBuildFile; fileRef = B8BD53B021B527C7008C73B3 /* KGVoipViewController.m */; };
		B8BD53B721B54051008C73B3 /* original_1.mp3 in Resources */ = {isa = PBXBuildFile; fileRef = B8BD53B621B54051008C73B3 /* original_1.mp3 */; };
		B8F6812A21C382B6001CF6B2 /* KGABTestViewController.m in Sources */ = {isa = PBXBuildFile; fileRef = B8F6812921C382B6001CF6B2 /* KGABTestViewController.m */; };
		B8F6822F21D4DF8C001CF6B2 /* KGAppInfoViewController.m in Sources */ = {isa = PBXBuildFile; fileRef = B8F6822E21D4DF8C001CF6B2 /* KGAppInfoViewController.m */; };
		B93C9743B60B98216DA0813C /* libc++abi.tbd in Frameworks */ = {isa = PBXBuildFile; fileRef = 7CA8D3A17BC9DEE9B18645CC /* libc++abi.tbd */; };
		BA167CB9013E212029FE843C /* QuickLook.framework in Frameworks */ = {isa = PBXBuildFile; fileRef = 6BCADBECA4B3E8D107D7ED55 /* QuickLook.framework */; };
		BB945D65C3B47E3B9CD1D48E /* AudioToolBox.framework in Frameworks */ = {isa = PBXBuildFile; fileRef = AFEE0F9D7F5CCD0C6597ABA6 /* AudioToolBox.framework */; };
		BC36164C69FD30D4CB994DE9 /* CoreTelephony.framework in Frameworks */ = {isa = PBXBuildFile; fileRef = BE90E4B5A028BF42484CD64F /* CoreTelephony.framework */; };
		BD8193B1D8534D72857E9D78 /* VideoToolbox.framework in Frameworks */ = {isa = PBXBuildFile; fileRef = 9F861D8BD40EC83C796C7A6F /* VideoToolbox.framework */; };
		BED940B78BF28EF2F58B6EB4 /* SystemConfiguration.framework in Frameworks */ = {isa = PBXBuildFile; fileRef = 4509BB4EBB1145B9E82654AD /* SystemConfiguration.framework */; };
		C27F0779EAD91123747AF903 /* AudioToolbox.framework in Frameworks */ = {isa = PBXBuildFile; fileRef = A746BAA744D38FA4001C66E6 /* AudioToolbox.framework */; };
		C28BAE0E2060E676CAE47A9B /* MessageUI.framework in Frameworks */ = {isa = PBXBuildFile; fileRef = DC52EFA91610BAFB9C18F924 /* MessageUI.framework */; };
		CB1A851B815414EE7D4F8580 /* CoreTelephony.framework in Frameworks */ = {isa = PBXBuildFile; fileRef = C6F835597F556D296A6052AF /* CoreTelephony.framework */; };
		CCF356AE94B85D7EE08F6307 /* CoreTelephony.framework in Frameworks */ = {isa = PBXBuildFile; fileRef = C6F835597F556D296A6052AF /* CoreTelephony.framework */; };
		CD1F2E8C5C13F0A22C7C28F5 /* libiconv.tbd in Frameworks */ = {isa = PBXBuildFile; fileRef = 913B42765988C164BFFC15F7 /* libiconv.tbd */; };
		CF74E36E5F1FEEE59ECD008B /* libsqlite3.tbd in Frameworks */ = {isa = PBXBuildFile; fileRef = 5FD9644520D243F8008C18CE /* libsqlite3.tbd */; };
		D110F40D84F3827A51A9AFC7 /* Security.framework in Frameworks */ = {isa = PBXBuildFile; fileRef = 3C1C2297DD2F49EADD07E0B7 /* Security.framework */; };
		D9A1D5659459F6A954BFDD0B /* CFNetwork.framework in Frameworks */ = {isa = PBXBuildFile; fileRef = 3C1991C1668E1913C7E2D453 /* CFNetwork.framework */; };
		DCB5B2619C505664BCCB4DDA /* Contacts.framework in Frameworks */ = {isa = PBXBuildFile; fileRef = 87367325D93A93A3A8458041 /* Contacts.framework */; };
		DCD4672A45234E2EA2B31C2C /* libPods-NotificationService.a in Frameworks */ = {isa = PBXBuildFile; fileRef = FD372346375251A825599469 /* libPods-NotificationService.a */; };
		DD2557623936426637564B6C /* libstdc++.tbd in Frameworks */ = {isa = PBXBuildFile; fileRef = 5FD9643D20D242FB008C18CE /* libstdc++.tbd */; };
		E5E6E00842094B65CE3A0F1C /* MobileCoreServices.framework in Frameworks */ = {isa = PBXBuildFile; fileRef = 1676FEA8CC446B39DDFFFF94 /* MobileCoreServices.framework */; };
		E819BB4998CED081493D6676 /* libresolv.tbd in Frameworks */ = {isa = PBXBuildFile; fileRef = 187B59FB9AAC23D9BAF48C1D /* libresolv.tbd */; };
		EBCBDFD44DFAC0E1D46798CF /* Contacts.framework in Frameworks */ = {isa = PBXBuildFile; fileRef = 87367325D93A93A3A8458041 /* Contacts.framework */; };
		EBF26B71C6E1D9FBB843D96E /* UIKit.framework in Frameworks */ = {isa = PBXBuildFile; fileRef = 62D86372160718A7752D9C26 /* UIKit.framework */; };
		EF2270AF22174423A3CAFC48 /* Photos.framework in Frameworks */ = {isa = PBXBuildFile; fileRef = C67A66498CB5F2EE8ED7E1EE /* Photos.framework */; };
		F59B871E3DCEF1FB35B0BBC2 /* QuartzCore.framework in Frameworks */ = {isa = PBXBuildFile; fileRef = C7BF96725D6EF3F4047964A4 /* QuartzCore.framework */; };
		FC4477087DD3B318F38703DD /* GLKit.framework in Frameworks */ = {isa = PBXBuildFile; fileRef = 40C3551E1D058D8116DA79EB /* GLKit.framework */; };
		FE251658E3FBDDA05D8E8B34 /* MobileCoreServices.framework in Frameworks */ = {isa = PBXBuildFile; fileRef = FB194CC19082C5EF5B23CB7B /* MobileCoreServices.framework */; };
/* End PBXBuildFile section */

/* Begin PBXContainerItemProxy section */
		B81906BD217089B800482956 /* PBXContainerItemProxy */ = {
			isa = PBXContainerItemProxy;
			containerPortal = 6003F582195388D10070C39A /* Project object */;
			proxyType = 1;
			remoteGlobalIDString = B81906B6217089B800482956;
			remoteInfo = NotificationService;
		};
/* End PBXContainerItemProxy section */

/* Begin PBXCopyFilesBuildPhase section */
		B81906C3217089B800482956 /* Embed App Extensions */ = {
			isa = PBXCopyFilesBuildPhase;
			buildActionMask = 2147483647;
			dstPath = "";
			dstSubfolderSpec = 13;
			files = (
				B81906BF217089B800482956 /* NotificationService.appex in Embed App Extensions */,
			);
			name = "Embed App Extensions";
			runOnlyForDeploymentPostprocessing = 0;
		};
/* End PBXCopyFilesBuildPhase section */

/* Begin PBXFileReference section */
		03366031D82045C32C69EF75 /* Pods-KwaiGameSDK_Example.dailybuild.xcconfig */ = {isa = PBXFileReference; includeInIndex = 1; lastKnownFileType = text.xcconfig; name = "Pods-KwaiGameSDK_Example.dailybuild.xcconfig"; path = "Pods/Target Support Files/Pods-KwaiGameSDK_Example/Pods-KwaiGameSDK_Example.dailybuild.xcconfig"; sourceTree = "<group>"; };
		05BBF95CD5147109B3E6C3A2 /* AdSupport.framework */ = {isa = PBXFileReference; lastKnownFileType = wrapper.framework; name = AdSupport.framework; path = Platforms/iPhoneOS.platform/Developer/SDKs/iPhoneOS11.3.sdk/System/Library/Frameworks/AdSupport.framework; sourceTree = DEVELOPER_DIR; };
		10FDFD0DC451D24AA9BFFB9A /* Pods-NotificationService.release.xcconfig */ = {isa = PBXFileReference; includeInIndex = 1; lastKnownFileType = text.xcconfig; name = "Pods-NotificationService.release.xcconfig"; path = "Pods/Target Support Files/Pods-NotificationService/Pods-NotificationService.release.xcconfig"; sourceTree = "<group>"; };
		1357C22FFC50FC4D7F42A011 /* libPods-KwaiGameSDK_Example.a */ = {isa = PBXFileReference; explicitFileType = archive.ar; includeInIndex = 0; path = "libPods-KwaiGameSDK_Example.a"; sourceTree = BUILT_PRODUCTS_DIR; };
		1676FEA8CC446B39DDFFFF94 /* MobileCoreServices.framework */ = {isa = PBXFileReference; lastKnownFileType = wrapper.framework; name = MobileCoreServices.framework; path = Platforms/iPhoneOS.platform/Developer/SDKs/iPhoneOS11.3.sdk/System/Library/Frameworks/MobileCoreServices.framework; sourceTree = DEVELOPER_DIR; };
		187B59FB9AAC23D9BAF48C1D /* libresolv.tbd */ = {isa = PBXFileReference; includeInIndex = 1; lastKnownFileType = "sourcecode.text-based-dylib-definition"; name = libresolv.tbd; path = usr/lib/libresolv.tbd; sourceTree = SDKROOT; };
		1941925D847968666CBB7DFC /* Pods-KwaiGameSDK-Mini.release.xcconfig */ = {isa = PBXFileReference; includeInIndex = 1; lastKnownFileType = text.xcconfig; name = "Pods-KwaiGameSDK-Mini.release.xcconfig"; path = "Pods/Target Support Files/Pods-KwaiGameSDK-Mini/Pods-KwaiGameSDK-Mini.release.xcconfig"; sourceTree = "<group>"; };
		1A9AD6FBF49D146E89E1DBF0 /* Pods-KwaiGameSDK_Example.debug.xcconfig */ = {isa = PBXFileReference; includeInIndex = 1; lastKnownFileType = text.xcconfig; name = "Pods-KwaiGameSDK_Example.debug.xcconfig"; path = "Pods/Target Support Files/Pods-KwaiGameSDK_Example/Pods-KwaiGameSDK_Example.debug.xcconfig"; sourceTree = "<group>"; };
		25D51831CA0846438354C57E /* WebKit.framework */ = {isa = PBXFileReference; lastKnownFileType = wrapper.framework; name = WebKit.framework; path = Platforms/iPhoneOS.platform/Developer/SDKs/iPhoneOS12.0.sdk/System/Library/Frameworks/WebKit.framework; sourceTree = DEVELOPER_DIR; };
		2B1249C72C62EE09BCB2425C /* VideoToolbox.framework */ = {isa = PBXFileReference; lastKnownFileType = wrapper.framework; name = VideoToolbox.framework; path = Platforms/iPhoneOS.platform/Developer/SDKs/iPhoneOS12.0.sdk/System/Library/Frameworks/VideoToolbox.framework; sourceTree = DEVELOPER_DIR; };
		30AC79EA89EEED3699204EC6 /* GLKit.framework */ = {isa = PBXFileReference; lastKnownFileType = wrapper.framework; name = GLKit.framework; path = Platforms/iPhoneOS.platform/Developer/SDKs/iPhoneOS12.0.sdk/System/Library/Frameworks/GLKit.framework; sourceTree = DEVELOPER_DIR; };
		39CD10AEA5843CA283B741DC /* Pods-NotificationService.dailybuild.xcconfig */ = {isa = PBXFileReference; includeInIndex = 1; lastKnownFileType = text.xcconfig; name = "Pods-NotificationService.dailybuild.xcconfig"; path = "Pods/Target Support Files/Pods-NotificationService/Pods-NotificationService.dailybuild.xcconfig"; sourceTree = "<group>"; };
		3B73B75C9E9ED594FF8133FC /* AVFoundation.framework */ = {isa = PBXFileReference; lastKnownFileType = wrapper.framework; name = AVFoundation.framework; path = Platforms/iPhoneOS.platform/Developer/SDKs/iPhoneOS11.3.sdk/System/Library/Frameworks/AVFoundation.framework; sourceTree = DEVELOPER_DIR; };
		3C1991C1668E1913C7E2D453 /* CFNetwork.framework */ = {isa = PBXFileReference; lastKnownFileType = wrapper.framework; name = CFNetwork.framework; path = Platforms/iPhoneOS.platform/Developer/SDKs/iPhoneOS12.0.sdk/System/Library/Frameworks/CFNetwork.framework; sourceTree = DEVELOPER_DIR; };
		3C1C2297DD2F49EADD07E0B7 /* Security.framework */ = {isa = PBXFileReference; lastKnownFileType = wrapper.framework; name = Security.framework; path = Platforms/iPhoneOS.platform/Developer/SDKs/iPhoneOS12.0.sdk/System/Library/Frameworks/Security.framework; sourceTree = DEVELOPER_DIR; };
		40C3551E1D058D8116DA79EB /* GLKit.framework */ = {isa = PBXFileReference; lastKnownFileType = wrapper.framework; name = GLKit.framework; path = Platforms/iPhoneOS.platform/Developer/SDKs/iPhoneOS11.3.sdk/System/Library/Frameworks/GLKit.framework; sourceTree = DEVELOPER_DIR; };
		41F2D1D332F0307AB67CD14F /* CoreText.framework */ = {isa = PBXFileReference; lastKnownFileType = wrapper.framework; name = CoreText.framework; path = Platforms/iPhoneOS.platform/Developer/SDKs/iPhoneOS11.3.sdk/System/Library/Frameworks/CoreText.framework; sourceTree = DEVELOPER_DIR; };
		4509BB4EBB1145B9E82654AD /* SystemConfiguration.framework */ = {isa = PBXFileReference; lastKnownFileType = wrapper.framework; name = SystemConfiguration.framework; path = Platforms/iPhoneOS.platform/Developer/SDKs/iPhoneOS12.0.sdk/System/Library/Frameworks/SystemConfiguration.framework; sourceTree = DEVELOPER_DIR; };
		469E69C9930B888055F8D45B /* Security.framework */ = {isa = PBXFileReference; lastKnownFileType = wrapper.framework; name = Security.framework; path = Platforms/iPhoneOS.platform/Developer/SDKs/iPhoneOS11.3.sdk/System/Library/Frameworks/Security.framework; sourceTree = DEVELOPER_DIR; };
		472C6B6A9993C3D29DD9E068 /* Photos.framework */ = {isa = PBXFileReference; lastKnownFileType = wrapper.framework; name = Photos.framework; path = Platforms/iPhoneOS.platform/Developer/SDKs/iPhoneOS11.3.sdk/System/Library/Frameworks/Photos.framework; sourceTree = DEVELOPER_DIR; };
		49547C1C226ABE6500C99D88 /* KwaiGameSDK-Mini.app */ = {isa = PBXFileReference; explicitFileType = wrapper.application; includeInIndex = 0; path = "KwaiGameSDK-Mini.app"; sourceTree = BUILT_PRODUCTS_DIR; };
		49547C1E226ABE6500C99D88 /* AppDelegate.h */ = {isa = PBXFileReference; lastKnownFileType = sourcecode.c.h; path = AppDelegate.h; sourceTree = "<group>"; };
		49547C1F226ABE6500C99D88 /* AppDelegate.m */ = {isa = PBXFileReference; lastKnownFileType = sourcecode.c.objc; path = AppDelegate.m; sourceTree = "<group>"; };
		49547C21226ABE6500C99D88 /* ViewController.h */ = {isa = PBXFileReference; lastKnownFileType = sourcecode.c.h; path = ViewController.h; sourceTree = "<group>"; };
		49547C22226ABE6500C99D88 /* ViewController.m */ = {isa = PBXFileReference; lastKnownFileType = sourcecode.c.objc; path = ViewController.m; sourceTree = "<group>"; };
		49547C25226ABE6500C99D88 /* Base */ = {isa = PBXFileReference; lastKnownFileType = file.storyboard; name = Base; path = Base.lproj/Main.storyboard; sourceTree = "<group>"; };
		49547C27226ABE6500C99D88 /* Assets.xcassets */ = {isa = PBXFileReference; lastKnownFileType = folder.assetcatalog; path = Assets.xcassets; sourceTree = "<group>"; };
		49547C2A226ABE6500C99D88 /* Base */ = {isa = PBXFileReference; lastKnownFileType = file.storyboard; name = Base; path = Base.lproj/LaunchScreen.storyboard; sourceTree = "<group>"; };
		49547C2C226ABE6600C99D88 /* Info.plist */ = {isa = PBXFileReference; lastKnownFileType = text.plist.xml; path = Info.plist; sourceTree = "<group>"; };
		49547C2D226ABE6600C99D88 /* main.m */ = {isa = PBXFileReference; lastKnownFileType = sourcecode.c.objc; path = main.m; sourceTree = "<group>"; };
		49603FBC21D286A500E4FCC2 /* Info.plist */ = {isa = PBXFileReference; fileEncoding = 4; lastKnownFileType = text.plist.xml; path = Info.plist; sourceTree = "<group>"; };
		4C2701CEC58D87B0D64FC936 /* Pods-KwaiGameSDK-Mini.debug.xcconfig */ = {isa = PBXFileReference; includeInIndex = 1; lastKnownFileType = text.xcconfig; name = "Pods-KwaiGameSDK-Mini.debug.xcconfig"; path = "Pods/Target Support Files/Pods-KwaiGameSDK-Mini/Pods-KwaiGameSDK-Mini.debug.xcconfig"; sourceTree = "<group>"; };
		5350FD66302494B5177254DA /* KwaiGameSDK.podspec */ = {isa = PBXFileReference; includeInIndex = 1; lastKnownFileType = text; name = KwaiGameSDK.podspec; path = ../KwaiGameSDK.podspec; sourceTree = "<group>"; xcLanguageSpecificationIdentifier = xcode.lang.ruby; };
		56F313B410798B6275451520 /* Foundation.framework */ = {isa = PBXFileReference; lastKnownFileType = wrapper.framework; name = Foundation.framework; path = Platforms/iPhoneOS.platform/Developer/SDKs/iPhoneOS11.3.sdk/System/Library/Frameworks/Foundation.framework; sourceTree = DEVELOPER_DIR; };
		5FD9643D20D242FB008C18CE /* libstdc++.tbd */ = {isa = PBXFileReference; lastKnownFileType = "sourcecode.text-based-dylib-definition"; name = "libstdc++.tbd"; path = "usr/lib/libstdc++.tbd"; sourceTree = SDKROOT; };
		5FD9643F20D24332008C18CE /* AdSupport.framework */ = {isa = PBXFileReference; lastKnownFileType = wrapper.framework; name = AdSupport.framework; path = System/Library/Frameworks/AdSupport.framework; sourceTree = SDKROOT; };
		5FD9644120D24376008C18CE /* SystemConfiguration.framework */ = {isa = PBXFileReference; lastKnownFileType = wrapper.framework; name = SystemConfiguration.framework; path = System/Library/Frameworks/SystemConfiguration.framework; sourceTree = SDKROOT; };
		5FD9644320D243E4008C18CE /* libz.tbd */ = {isa = PBXFileReference; lastKnownFileType = "sourcecode.text-based-dylib-definition"; name = libz.tbd; path = usr/lib/libz.tbd; sourceTree = SDKROOT; };
		5FD9644520D243F8008C18CE /* libsqlite3.tbd */ = {isa = PBXFileReference; lastKnownFileType = "sourcecode.text-based-dylib-definition"; name = libsqlite3.tbd; path = usr/lib/libsqlite3.tbd; sourceTree = SDKROOT; };
		5FD9644720D24430008C18CE /* MobileCoreServices.framework */ = {isa = PBXFileReference; lastKnownFileType = wrapper.framework; name = MobileCoreServices.framework; path = System/Library/Frameworks/MobileCoreServices.framework; sourceTree = SDKROOT; };
		5FD9644920D24473008C18CE /* CoreTelephony.framework */ = {isa = PBXFileReference; lastKnownFileType = wrapper.framework; name = CoreTelephony.framework; path = System/Library/Frameworks/CoreTelephony.framework; sourceTree = SDKROOT; };
		6003F58A195388D20070C39A /* KwaiGameSDK_Example.app */ = {isa = PBXFileReference; explicitFileType = wrapper.application; includeInIndex = 0; path = KwaiGameSDK_Example.app; sourceTree = BUILT_PRODUCTS_DIR; };
		6003F58D195388D20070C39A /* Foundation.framework */ = {isa = PBXFileReference; lastKnownFileType = wrapper.framework; name = Foundation.framework; path = System/Library/Frameworks/Foundation.framework; sourceTree = SDKROOT; };
		6003F58F195388D20070C39A /* CoreGraphics.framework */ = {isa = PBXFileReference; lastKnownFileType = wrapper.framework; name = CoreGraphics.framework; path = System/Library/Frameworks/CoreGraphics.framework; sourceTree = SDKROOT; };
		6003F591195388D20070C39A /* UIKit.framework */ = {isa = PBXFileReference; lastKnownFileType = wrapper.framework; name = UIKit.framework; path = System/Library/Frameworks/UIKit.framework; sourceTree = SDKROOT; };
		6003F597195388D20070C39A /* en */ = {isa = PBXFileReference; lastKnownFileType = text.plist.strings; name = en; path = en.lproj/InfoPlist.strings; sourceTree = "<group>"; };
		6003F599195388D20070C39A /* main.m */ = {isa = PBXFileReference; lastKnownFileType = sourcecode.c.objc; path = main.m; sourceTree = "<group>"; };
		6003F59B195388D20070C39A /* KwaiGameSDK-Prefix.pch */ = {isa = PBXFileReference; lastKnownFileType = sourcecode.c.h; path = "KwaiGameSDK-Prefix.pch"; sourceTree = "<group>"; };
		6003F59C195388D20070C39A /* KGAppDelegate.h */ = {isa = PBXFileReference; lastKnownFileType = sourcecode.c.h; path = KGAppDelegate.h; sourceTree = "<group>"; };
		6003F59D195388D20070C39A /* KGAppDelegate.m */ = {isa = PBXFileReference; lastKnownFileType = sourcecode.c.objc; path = KGAppDelegate.m; sourceTree = "<group>"; };
		6003F5A5195388D20070C39A /* KGViewController.h */ = {isa = PBXFileReference; lastKnownFileType = sourcecode.c.h; path = KGViewController.h; sourceTree = "<group>"; };
		6003F5A6195388D20070C39A /* KGViewController.m */ = {isa = PBXFileReference; lastKnownFileType = sourcecode.c.objc; path = KGViewController.m; sourceTree = "<group>"; };
		6003F5A8195388D20070C39A /* Images.xcassets */ = {isa = PBXFileReference; lastKnownFileType = folder.assetcatalog; path = Images.xcassets; sourceTree = "<group>"; };
		6006D651D33F20DEBA4AD886 /* Pods-KwaiGameSDK-Mini.dailybuild.xcconfig */ = {isa = PBXFileReference; includeInIndex = 1; lastKnownFileType = text.xcconfig; name = "Pods-KwaiGameSDK-Mini.dailybuild.xcconfig"; path = "Pods/Target Support Files/Pods-KwaiGameSDK-Mini/Pods-KwaiGameSDK-Mini.dailybuild.xcconfig"; sourceTree = "<group>"; };
		604DE48996B022786005E655 /* AudioToolbox.framework */ = {isa = PBXFileReference; lastKnownFileType = wrapper.framework; name = AudioToolbox.framework; path = Platforms/iPhoneOS.platform/Developer/SDKs/iPhoneOS11.3.sdk/System/Library/Frameworks/AudioToolbox.framework; sourceTree = DEVELOPER_DIR; };
		62D86372160718A7752D9C26 /* UIKit.framework */ = {isa = PBXFileReference; lastKnownFileType = wrapper.framework; name = UIKit.framework; path = Platforms/iPhoneOS.platform/Developer/SDKs/iPhoneOS12.0.sdk/System/Library/Frameworks/UIKit.framework; sourceTree = DEVELOPER_DIR; };
		664E450543BC46D196FC5D29 /* ImageIO.framework */ = {isa = PBXFileReference; lastKnownFileType = wrapper.framework; name = ImageIO.framework; path = Platforms/iPhoneOS.platform/Developer/SDKs/iPhoneOS12.0.sdk/System/Library/Frameworks/ImageIO.framework; sourceTree = DEVELOPER_DIR; };
		6BCADBECA4B3E8D107D7ED55 /* QuickLook.framework */ = {isa = PBXFileReference; lastKnownFileType = wrapper.framework; name = QuickLook.framework; path = Platforms/iPhoneOS.platform/Developer/SDKs/iPhoneOS12.0.sdk/System/Library/Frameworks/QuickLook.framework; sourceTree = DEVELOPER_DIR; };
		6CE548F4E0B3E56ED7AA3A19 /* ImageIO.framework */ = {isa = PBXFileReference; lastKnownFileType = wrapper.framework; name = ImageIO.framework; path = Platforms/iPhoneOS.platform/Developer/SDKs/iPho
